// !$*UTF8*$!
{
	archiveVersion = 1;
	classes = {
	};
	objectVersion = 77;
	objects = {

/* Begin PBXContainerItemProxy section */
		BFE3A0432D6D23BD00117BD8 /* PBXContainerItemProxy */ = {
			isa = PBXContainerItemProxy;
			containerPortal = BFE3A02A2D6D23B900117BD8 /* Project object */;
			proxyType = 1;
			remoteGlobalIDString = BFE3A0312D6D23B900117BD8;
			remoteInfo = FetchRecipes;
		};
		BFE3A04D2D6D23BD00117BD8 /* PBXContainerItemProxy */ = {
			isa = PBXContainerItemProxy;
			containerPortal = BFE3A02A2D6D23B900117BD8 /* Project object */;
			proxyType = 1;
			remoteGlobalIDString = BFE3A0312D6D23B900117BD8;
			remoteInfo = FetchRecipes;
		};
/* End PBXContainerItemProxy section */

/* Begin PBXFileReference section */
		BFE3A0322D6D23B900117BD8 /* FetchRecipes.app */ = {isa = PBXFileReference; explicitFileType = wrapper.application; includeInIndex = 0; path = FetchRecipes.app; sourceTree = BUILT_PRODUCTS_DIR; };
		BFE3A0422D6D23BD00117BD8 /* FetchRecipesTests.xctest */ = {isa = PBXFileReference; explicitFileType = wrapper.cfbundle; includeInIndex = 0; path = FetchRecipesTests.xctest; sourceTree = BUILT_PRODUCTS_DIR; };
		BFE3A04C2D6D23BD00117BD8 /* FetchRecipesUITests.xctest */ = {isa = PBXFileReference; explicitFileType = wrapper.cfbundle; includeInIndex = 0; path = FetchRecipesUITests.xctest; sourceTree = BUILT_PRODUCTS_DIR; };
/* End PBXFileReference section */

/* Begin PBXFileSystemSynchronizedRootGroup section */
		BFE3A0342D6D23B900117BD8 /* FetchRecipes */ = {
			isa = PBXFileSystemSynchronizedRootGroup;
			path = FetchRecipes;
			sourceTree = "<group>";
		};
		BFE3A0452D6D23BD00117BD8 /* FetchRecipesTests */ = {
			isa = PBXFileSystemSynchronizedRootGroup;
			path = FetchRecipesTests;
			sourceTree = "<group>";
		};
		BFE3A04F2D6D23BD00117BD8 /* FetchRecipesUITests */ = {
			isa = PBXFileSystemSynchronizedRootGroup;
			path = FetchRecipesUITests;
			sourceTree = "<group>";
		};
/* End PBXFileSystemSynchronizedRootGroup section */

/* Begin PBXFrameworksBuildPhase section */
		BFE3A02F2D6D23B900117BD8 /* Frameworks */ = {
			isa = PBXFrameworksBuildPhase;
			buildActionMask = 2147483647;
			files = (
			);
			runOnlyForDeploymentPostprocessing = 0;
		};
		BFE3A03F2D6D23BD00117BD8 /* Frameworks */ = {
			isa = PBXFrameworksBuildPhase;
			buildActionMask = 2147483647;
			files = (
			);
			runOnlyForDeploymentPostprocessing = 0;
		};
		BFE3A0492D6D23BD00117BD8 /* Frameworks */ = {
			isa = PBXFrameworksBuildPhase;
			buildActionMask = 2147483647;
			files = (
			);
			runOnlyForDeploymentPostprocessing = 0;
		};
/* End PBXFrameworksBuildPhase section */

/* Begin PBXGroup section */
		BFE3A0292D6D23B900117BD8 = {
			isa = PBXGroup;
			children = (
				BFE3A0342D6D23B900117BD8 /* FetchRecipes */,
				BFE3A0452D6D23BD00117BD8 /* FetchRecipesTests */,
				BFE3A04F2D6D23BD00117BD8 /* FetchRecipesUITests */,
				BFE3A0332D6D23B900117BD8 /* Products */,
			);
			sourceTree = "<group>";
		};
		BFE3A0332D6D23B900117BD8 /* Products */ = {
			isa = PBXGroup;
			children = (
				BFE3A0322D6D23B900117BD8 /* FetchRecipes.app */,
				BFE3A0422D6D23BD00117BD8 /* FetchRecipesTests.xctest */,
				BFE3A04C2D6D23BD00117BD8 /* FetchRecipesUITests.xctest */,
			);
			name = Products;
			sourceTree = "<group>";
		};
/* End PBXGroup section */

/* Begin PBXNativeTarget section */
		BFE3A0312D6D23B900117BD8 /* FetchRecipes */ = {
			isa = PBXNativeTarget;
			buildConfigurationList = BFE3A0562D6D23BD00117BD8 /* Build configuration list for PBXNativeTarget "FetchRecipes" */;
			buildPhases = (
				BFE3A02E2D6D23B900117BD8 /* Sources */,
				BFE3A02F2D6D23B900117BD8 /* Frameworks */,
				BFE3A0302D6D23B900117BD8 /* Resources */,
			);
			buildRules = (
			);
			dependencies = (
			);
			fileSystemSynchronizedGroups = (
				BFE3A0342D6D23B900117BD8 /* FetchRecipes */,
			);
			name = FetchRecipes;
			packageProductDependencies = (
			);
			productName = FetchRecipes;
			productReference = BFE3A0322D6D23B900117BD8 /* FetchRecipes.app */;
			productType = "com.apple.product-type.application";
		};
		BFE3A0412D6D23BD00117BD8 /* FetchRecipesTests */ = {
			isa = PBXNativeTarget;
			buildConfigurationList = BFE3A0592D6D23BD00117BD8 /* Build configuration list for PBXNativeTarget "FetchRecipesTests" */;
			buildPhases = (
				BFE3A03E2D6D23BD00117BD8 /* Sources */,
				BFE3A03F2D6D23BD00117BD8 /* Frameworks */,
				BFE3A0402D6D23BD00117BD8 /* Resources */,
			);
			buildRules = (
			);
			dependencies = (
				BFE3A0442D6D23BD00117BD8 /* PBXTargetDependency */,
			);
			fileSystemSynchronizedGroups = (
				BFE3A0452D6D23BD00117BD8 /* FetchRecipesTests */,
			);
			name = FetchRecipesTests;
			packageProductDependencies = (
			);
			productName = FetchRecipesTests;
			productReference = BFE3A0422D6D23BD00117BD8 /* FetchRecipesTests.xctest */;
			productType = "com.apple.product-type.bundle.unit-test";
		};
		BFE3A04B2D6D23BD00117BD8 /* FetchRecipesUITests */ = {
			isa = PBXNativeTarget;
			buildConfigurationList = BFE3A05C2D6D23BD00117BD8 /* Build configuration list for PBXNativeTarget "FetchRecipesUITests" */;
			buildPhases = (
				BFE3A0482D6D23BD00117BD8 /* Sources */,
				BFE3A0492D6D23BD00117BD8 /* Frameworks */,
				BFE3A04A2D6D23BD00117BD8 /* Resources */,
			);
			buildRules = (
			);
			dependencies = (
				BFE3A04E2D6D23BD00117BD8 /* PBXTargetDependency */,
			);
			fileSystemSynchronizedGroups = (
				BFE3A04F2D6D23BD00117BD8 /* FetchRecipesUITests */,
			);
			name = FetchRecipesUITests;
			packageProductDependencies = (
			);
			productName = FetchRecipesUITests;
			productReference = BFE3A04C2D6D23BD00117BD8 /* FetchRecipesUITests.xctest */;
			productType = "com.apple.product-type.bundle.ui-testing";
		};
/* End PBXNativeTarget section */

/* Begin PBXProject section */
		BFE3A02A2D6D23B900117BD8 /* Project object */ = {
			isa = PBXProject;
			attributes = {
				BuildIndependentTargetsInParallel = 1;
				LastSwiftUpdateCheck = 1620;
				LastUpgradeCheck = 1620;
				TargetAttributes = {
					BFE3A0312D6D23B900117BD8 = {
						CreatedOnToolsVersion = 16.2;
					};
					BFE3A0412D6D23BD00117BD8 = {
						CreatedOnToolsVersion = 16.2;
						TestTargetID = BFE3A0312D6D23B900117BD8;
					};
					BFE3A04B2D6D23BD00117BD8 = {
						CreatedOnToolsVersion = 16.2;
						TestTargetID = BFE3A0312D6D23B900117BD8;
					};
				};
			};
			buildConfigurationList = BFE3A02D2D6D23B900117BD8 /* Build configuration list for PBXProject "FetchRecipes" */;
			developmentRegion = en;
			hasScannedForEncodings = 0;
			knownRegions = (
				en,
				Base,
			);
			mainGroup = BFE3A0292D6D23B900117BD8;
			minimizedProjectReferenceProxies = 1;
			preferredProjectObjectVersion = 77;
			productRefGroup = BFE3A0332D6D23B900117BD8 /* Products */;
			projectDirPath = "";
			projectRoot = "";
			targets = (
				BFE3A0312D6D23B900117BD8 /* FetchRecipes */,
				BFE3A0412D6D23BD00117BD8 /* FetchRecipesTests */,
				BFE3A04B2D6D23BD00117BD8 /* FetchRecipesUITests */,
			);
		};
/* End PBXProject section */

/* Begin PBXResourcesBuildPhase section */
		BFE3A0302D6D23B900117BD8 /* Resources */ = {
			isa = PBXResourcesBuildPhase;
			buildActionMask = 2147483647;
			files = (
			);
			runOnlyForDeploymentPostprocessing = 0;
		};
		BFE3A0402D6D23BD00117BD8 /* Resources */ = {
			isa = PBXResourcesBuildPhase;
			buildActionMask = 2147483647;
			files = (
			);
			runOnlyForDeploymentPostprocessing = 0;
		};
		BFE3A04A2D6D23BD00117BD8 /* Resources */ = {
			isa = PBXResourcesBuildPhase;
			buildActionMask = 2147483647;
			files = (
			);
			runOnlyForDeploymentPostprocessing = 0;
		};
/* End PBXResourcesBuildPhase section */

/* Begin PBXSourcesBuildPhase section */
		BFE3A02E2D6D23B900117BD8 /* Sources */ = {
			isa = PBXSourcesBuildPhase;
			buildActionMask = 2147483647;
			files = (
			);
			runOnlyForDeploymentPostprocessing = 0;
		};
		BFE3A03E2D6D23BD00117BD8 /* Sources */ = {
			isa = PBXSourcesBuildPhase;
			buildActionMask = 2147483647;
			files = (
			);
			runOnlyForDeploymentPostprocessing = 0;
		};
		BFE3A0482D6D23BD00117BD8 /* Sources */ = {
			isa = PBXSourcesBuildPhase;
			buildActionMask = 2147483647;
			files = (
			);
			runOnlyForDeploymentPostprocessing = 0;
		};
/* End PBXSourcesBuildPhase section */

/* Begin PBXTargetDependency section */
		BFE3A0442D6D23BD00117BD8 /* PBXTargetDependency */ = {
			isa = PBXTargetDependency;
			target = BFE3A0312D6D23B900117BD8 /* FetchRecipes */;
			targetProxy = BFE3A0432D6D23BD00117BD8 /* PBXContainerItemProxy */;
		};
		BFE3A04E2D6D23BD00117BD8 /* PBXTargetDependency */ = {
			isa = PBXTargetDependency;
			target = BFE3A0312D6D23B900117BD8 /* FetchRecipes */;
			targetProxy = BFE3A04D2D6D23BD00117BD8 /* PBXContainerItemProxy */;
		};
/* End PBXTargetDependency section */

/* Begin XCBuildConfiguration section */
		BFE3A0542D6D23BD00117BD8 /* Debug */ = {
			isa = XCBuildConfiguration;
			buildSettings = {
				ALWAYS_SEARCH_USER_PATHS = NO;
				ASSETCATALOG_COMPILER_GENERATE_SWIFT_ASSET_SYMBOL_EXTENSIONS = YES;
				CLANG_ANALYZER_NONNULL = YES;
				CLANG_ANALYZER_NUMBER_OBJECT_CONVERSION = YES_AGGRESSIVE;
				CLANG_CXX_LANGUAGE_STANDARD = "gnu++20";
				CLANG_ENABLE_MODULES = YES;
				CLANG_ENABLE_OBJC_ARC = YES;
				CLANG_ENABLE_OBJC_WEAK = YES;
				CLANG_WARN_BLOCK_CAPTURE_AUTORELEASING = YES;
				CLANG_WARN_BOOL_CONVERSION = YES;
				CLANG_WARN_COMMA = YES;
				CLANG_WARN_CONSTANT_CONVERSION = YES;
				CLANG_WARN_DEPRECATED_OBJC_IMPLEMENTATIONS = YES;
				CLANG_WARN_DIRECT_OBJC_ISA_USAGE = YES_ERROR;
				CLANG_WARN_DOCUMENTATION_COMMENTS = YES;
				CLANG_WARN_EMPTY_BODY = YES;
				CLANG_WARN_ENUM_CONVERSION = YES;
				CLANG_WARN_INFINITE_RECURSION = YES;
				CLANG_WARN_INT_CONVERSION = YES;
				CLANG_WARN_NON_LITERAL_NULL_CONVERSION = YES;
				CLANG_WARN_OBJC_IMPLICIT_RETAIN_SELF = YES;
				CLANG_WARN_OBJC_LITERAL_CONVERSION = YES;
				CLANG_WARN_OBJC_ROOT_CLASS = YES_ERROR;
				CLANG_WARN_QUOTED_INCLUDE_IN_FRAMEWORK_HEADER = YES;
				CLANG_WARN_RANGE_LOOP_ANALYSIS = YES;
				CLANG_WARN_STRICT_PROTOTYPES = YES;
				CLANG_WARN_SUSPICIOUS_MOVE = YES;
				CLANG_WARN_UNGUARDED_AVAILABILITY = YES_AGGRESSIVE;
				CLANG_WARN_UNREACHABLE_CODE = YES;
				CLANG_WARN__DUPLICATE_METHOD_MATCH = YES;
				COPY_PHASE_STRIP = NO;
				DEBUG_INFORMATION_FORMAT = dwarf;
				ENABLE_STRICT_OBJC_MSGSEND = YES;
				ENABLE_TESTABILITY = YES;
				ENABLE_USER_SCRIPT_SANDBOXING = YES;
				GCC_C_LANGUAGE_STANDARD = gnu17;
				GCC_DYNAMIC_NO_PIC = NO;
				GCC_NO_COMMON_BLOCKS = YES;
				GCC_OPTIMIZATION_LEVEL = 0;
				GCC_PREPROCESSOR_DEFINITIONS = (
					"DEBUG=1",
					"$(inherited)",
				);
				GCC_WARN_64_TO_32_BIT_CONVERSION = YES;
				GCC_WARN_ABOUT_RETURN_TYPE = YES_ERROR;
				GCC_WARN_UNDECLARED_SELECTOR = YES;
				GCC_WARN_UNINITIALIZED_AUTOS = YES_AGGRESSIVE;
				GCC_WARN_UNUSED_FUNCTION = YES;
				GCC_WARN_UNUSED_VARIABLE = YES;
				IPHONEOS_DEPLOYMENT_TARGET = 18.2;
				LOCALIZATION_PREFERS_STRING_CATALOGS = YES;
				MTL_ENABLE_DEBUG_INFO = INCLUDE_SOURCE;
				MTL_FAST_MATH = YES;
				ONLY_ACTIVE_ARCH = YES;
				SDKROOT = iphoneos;
				SWIFT_ACTIVE_COMPILATION_CONDITIONS = "DEBUG $(inherited)";
				SWIFT_OPTIMIZATION_LEVEL = "-Onone";
				SWIFT_STRICT_CONCURRENCY = complete;
			};
			name = Debug;
		};
		BFE3A0552D6D23BD00117BD8 /* Release */ = {
			isa = XCBuildConfiguration;
			buildSettings = {
				ALWAYS_SEARCH_USER_PATHS = NO;
				ASSETCATALOG_COMPILER_GENERATE_SWIFT_ASSET_SYMBOL_EXTENSIONS = YES;
				CLANG_ANALYZER_NONNULL = YES;
				CLANG_ANALYZER_NUMBER_OBJECT_CONVERSION = YES_AGGRESSIVE;
				CLANG_CXX_LANGUAGE_STANDARD = "gnu++20";
				CLANG_ENABLE_MODULES = YES;
				CLANG_ENABLE_OBJC_ARC = YES;
				CLANG_ENABLE_OBJC_WEAK = YES;
				CLANG_WARN_BLOCK_CAPTURE_AUTORELEASING = YES;
				CLANG_WARN_BOOL_CONVERSION = YES;
				CLANG_WARN_COMMA = YES;
				CLANG_WARN_CONSTANT_CONVERSION = YES;
				CLANG_WARN_DEPRECATED_OBJC_IMPLEMENTATIONS = YES;
				CLANG_WARN_DIRECT_OBJC_ISA_USAGE = YES_ERROR;
				CLANG_WARN_DOCUMENTATION_COMMENTS = YES;
				CLANG_WARN_EMPTY_BODY = YES;
				CLANG_WARN_ENUM_CONVERSION = YES;
				CLANG_WARN_INFINITE_RECURSION = YES;
				CLANG_WARN_INT_CONVERSION = YES;
				CLANG_WARN_NON_LITERAL_NULL_CONVERSION = YES;
				CLANG_WARN_OBJC_IMPLICIT_RETAIN_SELF = YES;
				CLANG_WARN_OBJC_LITERAL_CONVERSION = YES;
				CLANG_WARN_OBJC_ROOT_CLASS = YES_ERROR;
				CLANG_WARN_QUOTED_INCLUDE_IN_FRAMEWORK_HEADER = YES;
				CLANG_WARN_RANGE_LOOP_ANALYSIS = YES;
				CLANG_WARN_STRICT_PROTOTYPES = YES;
				CLANG_WARN_SUSPICIOUS_MOVE = YES;
				CLANG_WARN_UNGUARDED_AVAILABILITY = YES_AGGRESSIVE;
				CLANG_WARN_UNREACHABLE_CODE = YES;
				CLANG_WARN__DUPLICATE_METHOD_MATCH = YES;
				COPY_PHASE_STRIP = NO;
				DEBUG_INFORMATION_FORMAT = "dwarf-with-dsym";
				ENABLE_NS_ASSERTIONS = NO;
				ENABLE_STRICT_OBJC_MSGSEND = YES;
				ENABLE_USER_SCRIPT_SANDBOXING = YES;
				GCC_C_LANGUAGE_STANDARD = gnu17;
				GCC_NO_COMMON_BLOCKS = YES;
				GCC_WARN_64_TO_32_BIT_CONVERSION = YES;
				GCC_WARN_ABOUT_RETURN_TYPE = YES_ERROR;
				GCC_WARN_UNDECLARED_SELECTOR = YES;
				GCC_WARN_UNINITIALIZED_AUTOS = YES_AGGRESSIVE;
				GCC_WARN_UNUSED_FUNCTION = YES;
				GCC_WARN_UNUSED_VARIABLE = YES;
				IPHONEOS_DEPLOYMENT_TARGET = 18.2;
				LOCALIZATION_PREFERS_STRING_CATALOGS = YES;
				MTL_ENABLE_DEBUG_INFO = NO;
				MTL_FAST_MATH = YES;
				SDKROOT = iphoneos;
				SWIFT_COMPILATION_MODE = wholemodule;
				SWIFT_STRICT_CONCURRENCY = complete;
				VALIDATE_PRODUCT = YES;
			};
			name = Release;
		};
		BFE3A0572D6D23BD00117BD8 /* Debug */ = {
			isa = XCBuildConfiguration;
			buildSettings = {
				ASSETCATALOG_COMPILER_APPICON_NAME = AppIcon;
				ASSETCATALOG_COMPILER_GLOBAL_ACCENT_COLOR_NAME = AccentColor;
				CODE_SIGN_STYLE = Automatic;
				CURRENT_PROJECT_VERSION = 1;
				DEVELOPMENT_ASSET_PATHS = "\"FetchRecipes/Preview Content\"";
				ENABLE_PREVIEWS = YES;
				GENERATE_INFOPLIST_FILE = YES;
				INFOPLIST_KEY_UIApplicationSceneManifest_Generation = YES;
				INFOPLIST_KEY_UIApplicationSupportsIndirectInputEvents = YES;
				INFOPLIST_KEY_UILaunchScreen_Generation = YES;
				INFOPLIST_KEY_UISupportedInterfaceOrientations_iPad = "UIInterfaceOrientationPortrait UIInterfaceOrientationPortraitUpsideDown UIInterfaceOrientationLandscapeLeft UIInterfaceOrientationLandscapeRight";
				INFOPLIST_KEY_UISupportedInterfaceOrientations_iPhone = "UIInterfaceOrientationPortrait UIInterfaceOrientationLandscapeLeft UIInterfaceOrientationLandscapeRight";
				LD_RUNPATH_SEARCH_PATHS = (
					"$(inherited)",
					"@executable_path/Frameworks",
				);
				MARKETING_VERSION = 1.0;
				PRODUCT_BUNDLE_IDENTIFIER = com.roman.temchenko.FetchRecipes;
				PRODUCT_NAME = "$(TARGET_NAME)";
				SWIFT_EMIT_LOC_STRINGS = YES;
				SWIFT_VERSION = 6.0;
				TARGETED_DEVICE_FAMILY = "1,2";
			};
			name = Debug;
		};
		BFE3A0582D6D23BD00117BD8 /* Release */ = {
			isa = XCBuildConfiguration;
			buildSettings = {
				ASSETCATALOG_COMPILER_APPICON_NAME = AppIcon;
				ASSETCATALOG_COMPILER_GLOBAL_ACCENT_COLOR_NAME = AccentColor;
				CODE_SIGN_STYLE = Automatic;
				CURRENT_PROJECT_VERSION = 1;
				DEVELOPMENT_ASSET_PATHS = "\"FetchRecipes/Preview Content\"";
				ENABLE_PREVIEWS = YES;
				GENERATE_INFOPLIST_FILE = YES;
				INFOPLIST_KEY_UIApplicationSceneManifest_Generation = YES;
				INFOPLIST_KEY_UIApplicationSupportsIndirectInputEvents = YES;
				INFOPLIST_KEY_UILaunchScreen_Generation = YES;
				INFOPLIST_KEY_UISupportedInterfaceOrientations_iPad = "UIInterfaceOrientationPortrait UIInterfaceOrientationPortraitUpsideDown UIInterfaceOrientationLandscapeLeft UIInterfaceOrientationLandscapeRight";
				INFOPLIST_KEY_UISupportedInterfaceOrientations_iPhone = "UIInterfaceOrientationPortrait UIInterfaceOrientationLandscapeLeft UIInterfaceOrientationLandscapeRight";
				LD_RUNPATH_SEARCH_PATHS = (
					"$(inherited)",
					"@executable_path/Frameworks",
				);
				MARKETING_VERSION = 1.0;
				PRODUCT_BUNDLE_IDENTIFIER = com.roman.temchenko.FetchRecipes;
				PRODUCT_NAME = "$(TARGET_NAME)";
				SWIFT_EMIT_LOC_STRINGS = YES;
				SWIFT_VERSION = 6.0;
				TARGETED_DEVICE_FAMILY = "1,2";
			};
			name = Release;
		};
		BFE3A05A2D6D23BD00117BD8 /* Debug */ = {
			isa = XCBuildConfiguration;
			buildSettings = {
				BUNDLE_LOADER = "$(TEST_HOST)";
				CODE_SIGN_STYLE = Automatic;
				CURRENT_PROJECT_VERSION = 1;
				GENERATE_INFOPLIST_FILE = YES;
				IPHONEOS_DEPLOYMENT_TARGET = 18.2;
				MARKETING_VERSION = 1.0;
				PRODUCT_BUNDLE_IDENTIFIER = com.roman.temchenko.FetchRecipesTests;
				PRODUCT_NAME = "$(TARGET_NAME)";
				SWIFT_EMIT_LOC_STRINGS = NO;
				SWIFT_VERSION = 5.0;
				TARGETED_DEVICE_FAMILY = "1,2";
				TEST_HOST = "$(BUILT_PRODUCTS_DIR)/FetchRecipes.app/$(BUNDLE_EXECUTABLE_FOLDER_PATH)/FetchRecipes";
			};
			name = Debug;
		};
		BFE3A05B2D6D23BD00117BD8 /* Release */ = {
			isa = XCBuildConfiguration;
			buildSettings = {
				BUNDLE_LOADER = "$(TEST_HOST)";
				CODE_SIGN_STYLE = Automatic;
				CURRENT_PROJECT_VERSION = 1;
				GENERATE_INFOPLIST_FILE = YES;
				IPHONEOS_DEPLOYMENT_TARGET = 18.2;
				MARKETING_VERSION = 1.0;
				PRODUCT_BUNDLE_IDENTIFIER = com.roman.temchenko.FetchRecipesTests;
				PRODUCT_NAME = "$(TARGET_NAME)";
				SWIFT_EMIT_LOC_STRINGS = NO;
				SWIFT_VERSION = 5.0;
				TARGETED_DEVICE_FAMILY = "1,2";
				TEST_HOST = "$(BUILT_PRODUCTS_DIR)/FetchRecipes.app/$(BUNDLE_EXECUTABLE_FOLDER_PATH)/FetchRecipes";
			};
			name = Release;
		};
		BFE3A05D2D6D23BD00117BD8 /* Debug */ = {
			isa = XCBuildConfiguration;
			buildSettings = {
				CODE_SIGN_STYLE = Automatic;
				CURRENT_PROJECT_VERSION = 1;
				GENERATE_INFOPLIST_FILE = YES;
				MARKETING_VERSION = 1.0;
				PRODUCT_BUNDLE_IDENTIFIER = com.roman.temchenko.FetchRecipesUITests;
				PRODUCT_NAME = "$(TARGET_NAME)";
				SWIFT_EMIT_LOC_STRINGS = NO;
				SWIFT_VERSION = 5.0;
				TARGETED_DEVICE_FAMILY = "1,2";
				TEST_TARGET_NAME = FetchRecipes;
			};
			name = Debug;
		};
		BFE3A05E2D6D23BD00117BD8 /* Release */ = {
			isa = XCBuildConfiguration;
			buildSettings = {
				CODE_SIGN_STYLE = Automatic;
				CURRENT_PROJECT_VERSION = 1;
				GENERATE_INFOPLIST_FILE = YES;
				MARKETING_VERSION = 1.0;
				PRODUCT_BUNDLE_IDENTIFIER = com.roman.temchenko.FetchRecipesUITests;
				PRODUCT_NAME = "$(TARGET_NAME)";
				SWIFT_EMIT_LOC_STRINGS = NO;
				SWIFT_VERSION = 5.0;
				TARGETED_DEVICE_FAMILY = "1,2";
				TEST_TARGET_NAME = FetchRecipes;
			};
			name = Release;
		};
/* End XCBuildConfiguration section */

/* Begin XCConfigurationList section */
		BFE3A02D2D6D23B900117BD8 /* Build configuration list for PBXProject "FetchRecipes" */ = {
			isa = XCConfigurationList;
			buildConfigurations = (
				BFE3A0542D6D23BD00117BD8 /* Debug */,
				BFE3A0552D6D23BD00117BD8 /* Release */,
			);
			defaultConfigurationIsVisible = 0;
			defaultConfigurationName = Release;
		};
		BFE3A0562D6D23BD00117BD8 /* Build configuration list for PBXNativeTarget "FetchRecipes" */ = {
			isa = XCConfigurationList;
			buildConfigurations = (
				BFE3A0572D6D23BD00117BD8 /* Debug */,
				BFE3A0582D6D23BD00117BD8 /* Release */,
			);
			defaultConfigurationIsVisible = 0;
			defaultConfigurationName = Release;
		};
		BFE3A0592D6D23BD00117BD8 /* Build configuration list for PBXNativeTarget "FetchRecipesTests" */ = {
			isa = XCConfigurationList;
			buildConfigurations = (
				BFE3A05A2D6D23BD00117BD8 /* Debug */,
				BFE3A05B2D6D23BD00117BD8 /* Release */,
			);
			defaultConfigurationIsVisible = 0;
			defaultConfigurationName = Release;
		};
		BFE3A05C2D6D23BD00117BD8 /* Build configuration list for PBXNativeTarget "FetchRecipesUITests" */ = {
			isa = XCConfigurationList;
			buildConfigurations = (
				BFE3A05D2D6D23BD00117BD8 /* Debug */,
				BFE3A05E2D6D23BD00117BD8 /* Release */,
			);
			defaultConfigurationIsVisible = 0;
			defaultConfigurationName = Release;
		};
/* End XCConfigurationList section */
	};
	rootObject = BFE3A02A2D6D23B900117BD8 /* Project object */;
}
